
Microsoft Visual Studio Solution File, Format Version 12.00
# Visual Studio Version 16
VisualStudioVersion = 16.0.31911.196
MinimumVisualStudioVersion = 10.0.40219.1
Project("{FAE04EC0-301F-11D3-BF4B-00C04F79EFBC}") = "Form_Z09_2", "Form_Z09_2\Form_Z09_2.csproj", "{60FE3E07-CE46-4C89-86F0-C70CC4149E9B}"
EndProject
Global
	GlobalSection(SolutionConfigurationPlatforms) = preSolution
		Debug|Any CPU = Debug|Any CPU
		Release|Any CPU = Release|Any CPU
	EndGlobalSection
	GlobalSection(ProjectConfigurationPlatforms) = postSolution
		{60FE3E07-CE46-4C89-86F0-C70CC4149E9B}.Debug|Any CPU.ActiveCfg = Debug|Any CPU
		{60FE3E07-CE46-4C89-86F0-C70CC4149E9B}.Debug|Any CPU.Build.0 = Debug|Any CPU
		{60FE3E07-CE46-4C89-86F0-C70CC4149E9B}.Release|Any CPU.ActiveCfg = Release|Any CPU
		{60FE3E07-CE46-4C89-86F0-C70CC4149E9B}.Release|Any CPU.Build.0 = Release|Any CPU
	EndGlobalSection
	GlobalSection(SolutionProperties) = preSolution
		HideSolutionNode = FALSE
	EndGlobalSection
	GlobalSection(ExtensibilityGlobals) = postSolution
		SolutionGuid = {121E5817-B857-4777-9AD8-10C768AA40EE}
	EndGlobalSection
EndGlobal
