
Microsoft Visual Studio Solution File, Format Version 12.00
# Visual Studio Version 16
VisualStudioVersion = 16.0.31911.196
MinimumVisualStudioVersion = 10.0.40219.1
Project("{FAE04EC0-301F-11D3-BF4B-00C04F79EFBC}") = "Form_Z09", "Form_Z09\Form_Z09.csproj", "{90617DFC-94EA-4C56-A4E4-D3E11F6C9AA6}"
EndProject
Global
	GlobalSection(SolutionConfigurationPlatforms) = preSolution
		Debug|Any CPU = Debug|Any CPU
		Release|Any CPU = Release|Any CPU
	EndGlobalSection
	GlobalSection(ProjectConfigurationPlatforms) = postSolution
		{90617DFC-94EA-4C56-A4E4-D3E11F6C9AA6}.Debug|Any CPU.ActiveCfg = Debug|Any CPU
		{90617DFC-94EA-4C56-A4E4-D3E11F6C9AA6}.Debug|Any CPU.Build.0 = Debug|Any CPU
		{90617DFC-94EA-4C56-A4E4-D3E11F6C9AA6}.Release|Any CPU.ActiveCfg = Release|Any CPU
		{90617DFC-94EA-4C56-A4E4-D3E11F6C9AA6}.Release|Any CPU.Build.0 = Release|Any CPU
	EndGlobalSection
	GlobalSection(SolutionProperties) = preSolution
		HideSolutionNode = FALSE
	EndGlobalSection
	GlobalSection(ExtensibilityGlobals) = postSolution
		SolutionGuid = {CC5AA732-613D-4FA1-89EF-34FC2CF5A114}
	EndGlobalSection
EndGlobal
